
Microsoft Visual Studio Solution File, Format Version 12.00
# Visual Studio 15
VisualStudioVersion = 15.0.27703.2000
MinimumVisualStudioVersion = 10.0.40219.1
Project("{FAE04EC0-301F-11D3-BF4B-00C04F79EFBC}") = "Windows Computers Quote Form", "Programassign1\Windows Computers Quote Form.csproj", "{2888099C-360B-46FC-BC0D-AD4F26EFA051}"
EndProject
Project("{54435603-DBB4-11D2-8724-00A0C9A8B90C}") = "Windows Computers Quote Form Installer", "Windows Computers Quote Form Installer\Windows Computers Quote Form Installer.vdproj", "{0C4EF903-202A-42FA-B128-6C2446A58828}"
EndProject
Global
	GlobalSection(SolutionConfigurationPlatforms) = preSolution
		Debug|Any CPU = Debug|Any CPU
		Release|Any CPU = Release|Any CPU
	EndGlobalSection
	GlobalSection(ProjectConfigurationPlatforms) = postSolution
		{2888099C-360B-46FC-BC0D-AD4F26EFA051}.Debug|Any CPU.ActiveCfg = Debug|Any CPU
		{2888099C-360B-46FC-BC0D-AD4F26EFA051}.Debug|Any CPU.Build.0 = Debug|Any CPU
		{2888099C-360B-46FC-BC0D-AD4F26EFA051}.Release|Any CPU.ActiveCfg = Release|Any CPU
		{2888099C-360B-46FC-BC0D-AD4F26EFA051}.Release|Any CPU.Build.0 = Release|Any CPU
		{0C4EF903-202A-42FA-B128-6C2446A58828}.Debug|Any CPU.ActiveCfg = Debug
		{0C4EF903-202A-42FA-B128-6C2446A58828}.Release|Any CPU.ActiveCfg = Release
	EndGlobalSection
	GlobalSection(SolutionProperties) = preSolution
		HideSolutionNode = FALSE
	EndGlobalSection
	GlobalSection(ExtensibilityGlobals) = postSolution
		SolutionGuid = {B538D29B-8560-4982-B9C2-D0A60AD8846A}
	EndGlobalSection
EndGlobal
